
Microsoft Visual Studio Solution File, Format Version 12.00
# Visual Studio 15
VisualStudioVersion = 15.0.27130.2024
MinimumVisualStudioVersion = 10.0.40219.1
Project("{9A19103F-16F7-4668-BE54-9A1E7A4F7556}") = "FileHanderApplication", "FileHanderApplication\FileHanderApplication.csproj", "{D7328D2C-F9EE-4E5F-8DA6-BAD48395C52C}"
EndProject
Project("{9A19103F-16F7-4668-BE54-9A1E7A4F7556}") = "FileHandlerService", "FileHandlerService\FileHandlerService.csproj", "{134BCE9D-3B3E-47AA-82C8-24996D0B69DB}"
EndProject
Project("{FAE04EC0-301F-11D3-BF4B-00C04F79EFBC}") = "FileHandlerChangeRootApp", "FileHandlerChangeRootApp\FileHandlerChangeRootApp.csproj", "{8F66EBA0-2037-41BD-A33D-C7657D143BA8}"
EndProject
Global
	GlobalSection(SolutionConfigurationPlatforms) = preSolution
		Debug|Any CPU = Debug|Any CPU
		Release|Any CPU = Release|Any CPU
	EndGlobalSection
	GlobalSection(ProjectConfigurationPlatforms) = postSolution
		{D7328D2C-F9EE-4E5F-8DA6-BAD48395C52C}.Debug|Any CPU.ActiveCfg = Debug|Any CPU
		{D7328D2C-F9EE-4E5F-8DA6-BAD48395C52C}.Debug|Any CPU.Build.0 = Debug|Any CPU
		{D7328D2C-F9EE-4E5F-8DA6-BAD48395C52C}.Release|Any CPU.ActiveCfg = Release|Any CPU
		{D7328D2C-F9EE-4E5F-8DA6-BAD48395C52C}.Release|Any CPU.Build.0 = Release|Any CPU
		{134BCE9D-3B3E-47AA-82C8-24996D0B69DB}.Debug|Any CPU.ActiveCfg = Debug|Any CPU
		{134BCE9D-3B3E-47AA-82C8-24996D0B69DB}.Debug|Any CPU.Build.0 = Debug|Any CPU
		{134BCE9D-3B3E-47AA-82C8-24996D0B69DB}.Release|Any CPU.ActiveCfg = Release|Any CPU
		{134BCE9D-3B3E-47AA-82C8-24996D0B69DB}.Release|Any CPU.Build.0 = Release|Any CPU
		{8F66EBA0-2037-41BD-A33D-C7657D143BA8}.Debug|Any CPU.ActiveCfg = Debug|Any CPU
		{8F66EBA0-2037-41BD-A33D-C7657D143BA8}.Debug|Any CPU.Build.0 = Debug|Any CPU
		{8F66EBA0-2037-41BD-A33D-C7657D143BA8}.Release|Any CPU.ActiveCfg = Release|Any CPU
		{8F66EBA0-2037-41BD-A33D-C7657D143BA8}.Release|Any CPU.Build.0 = Release|Any CPU
	EndGlobalSection
	GlobalSection(SolutionProperties) = preSolution
		HideSolutionNode = FALSE
	EndGlobalSection
	GlobalSection(ExtensibilityGlobals) = postSolution
		SolutionGuid = {43672AC1-3F75-4F99-B1D0-1D3B40F5EDEC}
	EndGlobalSection
EndGlobal
